// !$*UTF8*$!
{
	archiveVersion = 1;
	classes = {
	};
	objectVersion = 56;
	objects = {

/* Begin PBXBuildFile section */
		F60CF1182B10BCE30097837B /* MyPageView.swift in Sources */ = {isa = PBXBuildFile; fileRef = F60CF1172B10BCE30097837B /* MyPageView.swift */; };
		F63B9C352B0F6F5900BF0636 /* WebtoonTapView.swift in Sources */ = {isa = PBXBuildFile; fileRef = F63B9C202B0F6F5900BF0636 /* WebtoonTapView.swift */; };
		F63B9C362B0F6F5900BF0636 /* NaverWebtoonCloneApp.swift in Sources */ = {isa = PBXBuildFile; fileRef = F63B9C212B0F6F5900BF0636 /* NaverWebtoonCloneApp.swift */; };
		F63B9C372B0F6F5900BF0636 /* Assets.xcassets in Resources */ = {isa = PBXBuildFile; fileRef = F63B9C222B0F6F5900BF0636 /* Assets.xcassets */; };
		F63B9C382B0F6F5900BF0636 /* WebtoonImageView.swift in Sources */ = {isa = PBXBuildFile; fileRef = F63B9C232B0F6F5900BF0636 /* WebtoonImageView.swift */; };
		F63B9C392B0F6F5900BF0636 /* Weekend.swift in Sources */ = {isa = PBXBuildFile; fileRef = F63B9C252B0F6F5900BF0636 /* Weekend.swift */; };
		F63B9C3A2B0F6F5900BF0636 /* DailyWebtoons.swift in Sources */ = {isa = PBXBuildFile; fileRef = F63B9C262B0F6F5900BF0636 /* DailyWebtoons.swift */; };
		F63B9C3B2B0F6F5900BF0636 /* Preview Assets.xcassets in Resources */ = {isa = PBXBuildFile; fileRef = F63B9C282B0F6F5900BF0636 /* Preview Assets.xcassets */; };
		F63B9C3C2B0F6F5900BF0636 /* WebtoonDetailView.swift in Sources */ = {isa = PBXBuildFile; fileRef = F63B9C292B0F6F5900BF0636 /* WebtoonDetailView.swift */; };
		F63B9C3D2B0F6F5900BF0636 /* WebtoonScrollView.swift in Sources */ = {isa = PBXBuildFile; fileRef = F63B9C2C2B0F6F5900BF0636 /* WebtoonScrollView.swift */; };
		F63B9C3E2B0F6F5900BF0636 /* WebtoonTap.swift in Sources */ = {isa = PBXBuildFile; fileRef = F63B9C2D2B0F6F5900BF0636 /* WebtoonTap.swift */; };
		F63B9C3F2B0F6F5900BF0636 /* WeekendScrollView.swift in Sources */ = {isa = PBXBuildFile; fileRef = F63B9C2E2B0F6F5900BF0636 /* WeekendScrollView.swift */; };
		F63B9C402B0F6F5900BF0636 /* BannerAdView.swift in Sources */ = {isa = PBXBuildFile; fileRef = F63B9C2F2B0F6F5900BF0636 /* BannerAdView.swift */; };
		F63B9C412B0F6F5900BF0636 /* LoginView.swift in Sources */ = {isa = PBXBuildFile; fileRef = F63B9C312B0F6F5900BF0636 /* LoginView.swift */; };
		F63B9C422B0F6F5900BF0636 /* MoreTapView.swift in Sources */ = {isa = PBXBuildFile; fileRef = F63B9C322B0F6F5900BF0636 /* MoreTapView.swift */; };
		F63B9C432B0F6F5900BF0636 /* ContentView.swift in Sources */ = {isa = PBXBuildFile; fileRef = F63B9C342B0F6F5900BF0636 /* ContentView.swift */; };
		F6EDABD92B1861BB00E957C4 /* BestTapView.swift in Sources */ = {isa = PBXBuildFile; fileRef = F6EDABD82B1861BB00E957C4 /* BestTapView.swift */; };
/* End PBXBuildFile section */

/* Begin PBXFileReference section */
		F60CF1172B10BCE30097837B /* MyPageView.swift */ = {isa = PBXFileReference; lastKnownFileType = sourcecode.swift; path = MyPageView.swift; sourceTree = "<group>"; };
		F63B9C0E2B0F6EB600BF0636 /* naverWebtoonClone.app */ = {isa = PBXFileReference; explicitFileType = wrapper.application; includeInIndex = 0; path = naverWebtoonClone.app; sourceTree = BUILT_PRODUCTS_DIR; };
		F63B9C202B0F6F5900BF0636 /* WebtoonTapView.swift */ = {isa = PBXFileReference; fileEncoding = 4; lastKnownFileType = sourcecode.swift; path = WebtoonTapView.swift; sourceTree = "<group>"; };
		F63B9C212B0F6F5900BF0636 /* NaverWebtoonCloneApp.swift */ = {isa = PBXFileReference; fileEncoding = 4; lastKnownFileType = sourcecode.swift; path = NaverWebtoonCloneApp.swift; sourceTree = "<group>"; };
		F63B9C222B0F6F5900BF0636 /* Assets.xcassets */ = {isa = PBXFileReference; lastKnownFileType = folder.assetcatalog; path = Assets.xcassets; sourceTree = "<group>"; };
		F63B9C232B0F6F5900BF0636 /* WebtoonImageView.swift */ = {isa = PBXFileReference; fileEncoding = 4; lastKnownFileType = sourcecode.swift; path = WebtoonImageView.swift; sourceTree = "<group>"; };
		F63B9C252B0F6F5900BF0636 /* Weekend.swift */ = {isa = PBXFileReference; fileEncoding = 4; lastKnownFileType = sourcecode.swift; path = Weekend.swift; sourceTree = "<group>"; };
		F63B9C262B0F6F5900BF0636 /* DailyWebtoons.swift */ = {isa = PBXFileReference; fileEncoding = 4; lastKnownFileType = sourcecode.swift; path = DailyWebtoons.swift; sourceTree = "<group>"; };
		F63B9C282B0F6F5900BF0636 /* Preview Assets.xcassets */ = {isa = PBXFileReference; lastKnownFileType = folder.assetcatalog; path = "Preview Assets.xcassets"; sourceTree = "<group>"; };
		F63B9C292B0F6F5900BF0636 /* WebtoonDetailView.swift */ = {isa = PBXFileReference; fileEncoding = 4; lastKnownFileType = sourcecode.swift; path = WebtoonDetailView.swift; sourceTree = "<group>"; };
		F63B9C2C2B0F6F5900BF0636 /* WebtoonScrollView.swift */ = {isa = PBXFileReference; fileEncoding = 4; lastKnownFileType = sourcecode.swift; path = WebtoonScrollView.swift; sourceTree = "<group>"; };
		F63B9C2D2B0F6F5900BF0636 /* WebtoonTap.swift */ = {isa = PBXFileReference; fileEncoding = 4; lastKnownFileType = sourcecode.swift; path = WebtoonTap.swift; sourceTree = "<group>"; };
		F63B9C2E2B0F6F5900BF0636 /* WeekendScrollView.swift */ = {isa = PBXFileReference; fileEncoding = 4; lastKnownFileType = sourcecode.swift; path = WeekendScrollView.swift; sourceTree = "<group>"; };
		F63B9C2F2B0F6F5900BF0636 /* BannerAdView.swift */ = {isa = PBXFileReference; fileEncoding = 4; lastKnownFileType = sourcecode.swift; path = BannerAdView.swift; sourceTree = "<group>"; };
		F63B9C312B0F6F5900BF0636 /* LoginView.swift */ = {isa = PBXFileReference; fileEncoding = 4; lastKnownFileType = sourcecode.swift; path = LoginView.swift; sourceTree = "<group>"; };
		F63B9C322B0F6F5900BF0636 /* MoreTapView.swift */ = {isa = PBXFileReference; fileEncoding = 4; lastKnownFileType = sourcecode.swift; path = MoreTapView.swift; sourceTree = "<group>"; };
		F63B9C342B0F6F5900BF0636 /* ContentView.swift */ = {isa = PBXFileReference; fileEncoding = 4; lastKnownFileType = sourcecode.swift; path = ContentView.swift; sourceTree = "<group>"; };
		F6EDABD82B1861BB00E957C4 /* BestTapView.swift */ = {isa = PBXFileReference; lastKnownFileType = sourcecode.swift; path = BestTapView.swift; sourceTree = "<group>"; };
/* End PBXFileReference section */

/* Begin PBXFrameworksBuildPhase section */
		F63B9C0B2B0F6EB600BF0636 /* Frameworks */ = {
			isa = PBXFrameworksBuildPhase;
			buildActionMask = 2147483647;
			files = (
			);
			runOnlyForDeploymentPostprocessing = 0;
		};
/* End PBXFrameworksBuildPhase section */

/* Begin PBXGroup section */
		F63B9C052B0F6EB600BF0636 = {
			isa = PBXGroup;
			children = (
				F63B9C1F2B0F6F5900BF0636 /* naverWebtoonClone */,
				F63B9C0F2B0F6EB600BF0636 /* Products */,
			);
			sourceTree = "<group>";
		};
		F63B9C0F2B0F6EB600BF0636 /* Products */ = {
			isa = PBXGroup;
			children = (
				F63B9C0E2B0F6EB600BF0636 /* naverWebtoonClone.app */,
			);
			name = Products;
			sourceTree = "<group>";
		};
		F63B9C1F2B0F6F5900BF0636 /* naverWebtoonClone */ = {
			isa = PBXGroup;
			children = (
				F63B9C202B0F6F5900BF0636 /* WebtoonTapView.swift */,
				F63B9C212B0F6F5900BF0636 /* NaverWebtoonCloneApp.swift */,
				F63B9C342B0F6F5900BF0636 /* ContentView.swift */,
				F63B9C222B0F6F5900BF0636 /* Assets.xcassets */,
				F63B9C242B0F6F5900BF0636 /* Models */,
				F63B9C272B0F6F5900BF0636 /* Preview Content */,
				F63B9C2A2B0F6F5900BF0636 /* Views */,
			);
			path = naverWebtoonClone;
			sourceTree = "<group>";
		};
		F63B9C242B0F6F5900BF0636 /* Models */ = {
			isa = PBXGroup;
			children = (
				F63B9C252B0F6F5900BF0636 /* Weekend.swift */,
				F63B9C262B0F6F5900BF0636 /* DailyWebtoons.swift */,
			);
			path = Models;
			sourceTree = "<group>";
		};
		F63B9C272B0F6F5900BF0636 /* Preview Content */ = {
			isa = PBXGroup;
			children = (
				F63B9C282B0F6F5900BF0636 /* Preview Assets.xcassets */,
			);
			path = "Preview Content";
			sourceTree = "<group>";
		};
		F63B9C2A2B0F6F5900BF0636 /* Views */ = {
			isa = PBXGroup;
			children = (
				F6EDABD72B18619300E957C4 /* BestTap */,
				F63B9C2B2B0F6F5900BF0636 /* WebtoonTap */,
				F63B9C302B0F6F5900BF0636 /* MoreTap */,
				F63B9C332B0F6F5900BF0636 /* MyPageTap */,
			);
			path = Views;
			sourceTree = "<group>";
		};
		F63B9C2B2B0F6F5900BF0636 /* WebtoonTap */ = {
			isa = PBXGroup;
			children = (
				F63B9C2C2B0F6F5900BF0636 /* WebtoonScrollView.swift */,
				F63B9C2D2B0F6F5900BF0636 /* WebtoonTap.swift */,
				F63B9C2E2B0F6F5900BF0636 /* WeekendScrollView.swift */,
				F63B9C2F2B0F6F5900BF0636 /* BannerAdView.swift */,
				F63B9C292B0F6F5900BF0636 /* WebtoonDetailView.swift */,
				F63B9C232B0F6F5900BF0636 /* WebtoonImageView.swift */,
			);
			path = WebtoonTap;
			sourceTree = "<group>";
		};
		F63B9C302B0F6F5900BF0636 /* MoreTap */ = {
			isa = PBXGroup;
			children = (
				F63B9C312B0F6F5900BF0636 /* LoginView.swift */,
				F63B9C322B0F6F5900BF0636 /* MoreTapView.swift */,
			);
			path = MoreTap;
			sourceTree = "<group>";
		};
		F63B9C332B0F6F5900BF0636 /* MyPageTap */ = {
			isa = PBXGroup;
			children = (
				F60CF1172B10BCE30097837B /* MyPageView.swift */,
			);
			path = MyPageTap;
			sourceTree = "<group>";
		};
		F6EDABD72B18619300E957C4 /* BestTap */ = {
			isa = PBXGroup;
			children = (
				F6EDABD82B1861BB00E957C4 /* BestTapView.swift */,
			);
			path = BestTap;
			sourceTree = "<group>";
		};
/* End PBXGroup section */

/* Begin PBXNativeTarget section */
		F63B9C0D2B0F6EB600BF0636 /* naverWebtoonClone */ = {
			isa = PBXNativeTarget;
			buildConfigurationList = F63B9C1C2B0F6EB800BF0636 /* Build configuration list for PBXNativeTarget "naverWebtoonClone" */;
			buildPhases = (
				F63B9C0A2B0F6EB600BF0636 /* Sources */,
				F63B9C0B2B0F6EB600BF0636 /* Frameworks */,
				F63B9C0C2B0F6EB600BF0636 /* Resources */,
			);
			buildRules = (
			);
			dependencies = (
			);
			name = naverWebtoonClone;
			productName = naverWebtoonClone;
			productReference = F63B9C0E2B0F6EB600BF0636 /* naverWebtoonClone.app */;
			productType = "com.apple.product-type.application";
		};
/* End PBXNativeTarget section */

/* Begin PBXProject section */
		F63B9C062B0F6EB600BF0636 /* Project object */ = {
			isa = PBXProject;
			attributes = {
				BuildIndependentTargetsInParallel = 1;
				LastSwiftUpdateCheck = 1500;
				LastUpgradeCheck = 1500;
				TargetAttributes = {
					F63B9C0D2B0F6EB600BF0636 = {
						CreatedOnToolsVersion = 15.0.1;
					};
				};
			};
			buildConfigurationList = F63B9C092B0F6EB600BF0636 /* Build configuration list for PBXProject "naverWebtoonClone" */;
			compatibilityVersion = "Xcode 14.0";
			developmentRegion = en;
			hasScannedForEncodings = 0;
			knownRegions = (
				en,
				Base,
			);
			mainGroup = F63B9C052B0F6EB600BF0636;
			productRefGroup = F63B9C0F2B0F6EB600BF0636 /* Products */;
			projectDirPath = "";
			projectRoot = "";
			targets = (
				F63B9C0D2B0F6EB600BF0636 /* naverWebtoonClone */,
			);
		};
/* End PBXProject section */

/* Begin PBXResourcesBuildPhase section */
		F63B9C0C2B0F6EB600BF0636 /* Resources */ = {
			isa = PBXResourcesBuildPhase;
			buildActionMask = 2147483647;
			files = (
				F63B9C3B2B0F6F5900BF0636 /* Preview Assets.xcassets in Resources */,
				F63B9C372B0F6F5900BF0636 /* Assets.xcassets in Resources */,
			);
			runOnlyForDeploymentPostprocessing = 0;
		};
/* End PBXResourcesBuildPhase section */

/* Begin PBXSourcesBuildPhase section */
		F63B9C0A2B0F6EB600BF0636 /* Sources */ = {
			isa = PBXSourcesBuildPhase;
			buildActionMask = 2147483647;
			files = (
				F63B9C362B0F6F5900BF0636 /* NaverWebtoonCloneApp.swift in Sources */,
				F63B9C3F2B0F6F5900BF0636 /* WeekendScrollView.swift in Sources */,
				F63B9C402B0F6F5900BF0636 /* BannerAdView.swift in Sources */,
				F63B9C422B0F6F5900BF0636 /* MoreTapView.swift in Sources */,
				F63B9C3D2B0F6F5900BF0636 /* WebtoonScrollView.swift in Sources */,
				F63B9C392B0F6F5900BF0636 /* Weekend.swift in Sources */,
				F63B9C382B0F6F5900BF0636 /* WebtoonImageView.swift in Sources */,
				F60CF1182B10BCE30097837B /* MyPageView.swift in Sources */,
				F63B9C3A2B0F6F5900BF0636 /* DailyWebtoons.swift in Sources */,
				F6EDABD92B1861BB00E957C4 /* BestTapView.swift in Sources */,
				F63B9C3C2B0F6F5900BF0636 /* WebtoonDetailView.swift in Sources */,
				F63B9C432B0F6F5900BF0636 /* ContentView.swift in Sources */,
				F63B9C412B0F6F5900BF0636 /* LoginView.swift in Sources */,
				F63B9C3E2B0F6F5900BF0636 /* WebtoonTap.swift in Sources */,
				F63B9C352B0F6F5900BF0636 /* WebtoonTapView.swift in Sources */,
			);
			runOnlyForDeploymentPostprocessing = 0;
		};
/* End PBXSourcesBuildPhase section */

/* Begin XCBuildConfiguration section */
		F63B9C1A2B0F6EB800BF0636 /* Debug */ = {
			isa = XCBuildConfiguration;
			buildSettings = {
				ALWAYS_SEARCH_USER_PATHS = NO;
				ASSETCATALOG_COMPILER_GENERATE_SWIFT_ASSET_SYMBOL_EXTENSIONS = YES;
				CLANG_ANALYZER_NONNULL = YES;
				CLANG_ANALYZER_NUMBER_OBJECT_CONVERSION = YES_AGGRESSIVE;
				CLANG_CXX_LANGUAGE_STANDARD = "gnu++20";
				CLANG_ENABLE_MODULES = YES;
				CLANG_ENABLE_OBJC_ARC = YES;
				CLANG_ENABLE_OBJC_WEAK = YES;
				CLANG_WARN_BLOCK_CAPTURE_AUTORELEASING = YES;
				CLANG_WARN_BOOL_CONVERSION = YES;
				CLANG_WARN_COMMA = YES;
				CLANG_WARN_CONSTANT_CONVERSION = YES;
				CLANG_WARN_DEPRECATED_OBJC_IMPLEMENTATIONS = YES;
				CLANG_WARN_DIRECT_OBJC_ISA_USAGE = YES_ERROR;
				CLANG_WARN_DOCUMENTATION_COMMENTS = YES;
				CLANG_WARN_EMPTY_BODY = YES;
				CLANG_WARN_ENUM_CONVERSION = YES;
				CLANG_WARN_INFINITE_RECURSION = YES;
				CLANG_WARN_INT_CONVERSION = YES;
				CLANG_WARN_NON_LITERAL_NULL_CONVERSION = YES;
				CLANG_WARN_OBJC_IMPLICIT_RETAIN_SELF = YES;
				CLANG_WARN_OBJC_LITERAL_CONVERSION = YES;
				CLANG_WARN_OBJC_ROOT_CLASS = YES_ERROR;
				CLANG_WARN_QUOTED_INCLUDE_IN_FRAMEWORK_HEADER = YES;
				CLANG_WARN_RANGE_LOOP_ANALYSIS = YES;
				CLANG_WARN_STRICT_PROTOTYPES = YES;
				CLANG_WARN_SUSPICIOUS_MOVE = YES;
				CLANG_WARN_UNGUARDED_AVAILABILITY = YES_AGGRESSIVE;
				CLANG_WARN_UNREACHABLE_CODE = YES;
				CLANG_WARN__DUPLICATE_METHOD_MATCH = YES;
				COPY_PHASE_STRIP = NO;
				DEBUG_INFORMATION_FORMAT = dwarf;
				ENABLE_STRICT_OBJC_MSGSEND = YES;
				ENABLE_TESTABILITY = YES;
				ENABLE_USER_SCRIPT_SANDBOXING = YES;
				GCC_C_LANGUAGE_STANDARD = gnu17;
				GCC_DYNAMIC_NO_PIC = NO;
				GCC_NO_COMMON_BLOCKS = YES;
				GCC_OPTIMIZATION_LEVEL = 0;
				GCC_PREPROCESSOR_DEFINITIONS = (
					"DEBUG=1",
					"$(inherited)",
				);
				GCC_WARN_64_TO_32_BIT_CONVERSION = YES;
				GCC_WARN_ABOUT_RETURN_TYPE = YES_ERROR;
				GCC_WARN_UNDECLARED_SELECTOR = YES;
				GCC_WARN_UNINITIALIZED_AUTOS = YES_AGGRESSIVE;
				GCC_WARN_UNUSED_FUNCTION = YES;
				GCC_WARN_UNUSED_VARIABLE = YES;
				IPHONEOS_DEPLOYMENT_TARGET = 17.0;
				LOCALIZATION_PREFERS_STRING_CATALOGS = YES;
				MTL_ENABLE_DEBUG_INFO = INCLUDE_SOURCE;
				MTL_FAST_MATH = YES;
				ONLY_ACTIVE_ARCH = YES;
				SDKROOT = iphoneos;
				SWIFT_ACTIVE_COMPILATION_CONDITIONS = "DEBUG $(inherited)";
				SWIFT_OPTIMIZATION_LEVEL = "-Onone";
			};
			name = Debug;
		};
		F63B9C1B2B0F6EB800BF0636 /* Release */ = {
			isa = XCBuildConfiguration;
			buildSettings = {
				ALWAYS_SEARCH_USER_PATHS = NO;
				ASSETCATALOG_COMPILER_GENERATE_SWIFT_ASSET_SYMBOL_EXTENSIONS = YES;
				CLANG_ANALYZER_NONNULL = YES;
				CLANG_ANALYZER_NUMBER_OBJECT_CONVERSION = YES_AGGRESSIVE;
				CLANG_CXX_LANGUAGE_STANDARD = "gnu++20";
				CLANG_ENABLE_MODULES = YES;
				CLANG_ENABLE_OBJC_ARC = YES;
				CLANG_ENABLE_OBJC_WEAK = YES;
				CLANG_WARN_BLOCK_CAPTURE_AUTORELEASING = YES;
				CLANG_WARN_BOOL_CONVERSION = YES;
				CLANG_WARN_COMMA = YES;
				CLANG_WARN_CONSTANT_CONVERSION = YES;
				CLANG_WARN_DEPRECATED_OBJC_IMPLEMENTATIONS = YES;
				CLANG_WARN_DIRECT_OBJC_ISA_USAGE = YES_ERROR;
				CLANG_WARN_DOCUMENTATION_COMMENTS = YES;
				CLANG_WARN_EMPTY_BODY = YES;
				CLANG_WARN_ENUM_CONVERSION = YES;
				CLANG_WARN_INFINITE_RECURSION = YES;
				CLANG_WARN_INT_CONVERSION = YES;
				CLANG_WARN_NON_LITERAL_NULL_CONVERSION = YES;
				CLANG_WARN_OBJC_IMPLICIT_RETAIN_SELF = YES;
				CLANG_WARN_OBJC_LITERAL_CONVERSION = YES;
				CLANG_WARN_OBJC_ROOT_CLASS = YES_ERROR;
				CLANG_WARN_QUOTED_INCLUDE_IN_FRAMEWORK_HEADER = YES;
				CLANG_WARN_RANGE_LOOP_ANALYSIS = YES;
				CLANG_WARN_STRICT_PROTOTYPES = YES;
				CLANG_WARN_SUSPICIOUS_MOVE = YES;
				CLANG_WARN_UNGUARDED_AVAILABILITY = YES_AGGRESSIVE;
				CLANG_WARN_UNREACHABLE_CODE = YES;
				CLANG_WARN__DUPLICATE_METHOD_MATCH = YES;
				COPY_PHASE_STRIP = NO;
				DEBUG_INFORMATION_FORMAT = "dwarf-with-dsym";
				ENABLE_NS_ASSERTIONS = NO;
				ENABLE_STRICT_OBJC_MSGSEND = YES;
				ENABLE_USER_SCRIPT_SANDBOXING = YES;
				GCC_C_LANGUAGE_STANDARD = gnu17;
				GCC_NO_COMMON_BLOCKS = YES;
				GCC_WARN_64_TO_32_BIT_CONVERSION = YES;
				GCC_WARN_ABOUT_RETURN_TYPE = YES_ERROR;
				GCC_WARN_UNDECLARED_SELECTOR = YES;
				GCC_WARN_UNINITIALIZED_AUTOS = YES_AGGRESSIVE;
				GCC_WARN_UNUSED_FUNCTION = YES;
				GCC_WARN_UNUSED_VARIABLE = YES;
				IPHONEOS_DEPLOYMENT_TARGET = 17.0;
				LOCALIZATION_PREFERS_STRING_CATALOGS = YES;
				MTL_ENABLE_DEBUG_INFO = NO;
				MTL_FAST_MATH = YES;
				SDKROOT = iphoneos;
				SWIFT_COMPILATION_MODE = wholemodule;
				VALIDATE_PRODUCT = YES;
			};
			name = Release;
		};
		F63B9C1D2B0F6EB800BF0636 /* Debug */ = {
			isa = XCBuildConfiguration;
			buildSettings = {
				ASSETCATALOG_COMPILER_APPICON_NAME = AppIcon;
				ASSETCATALOG_COMPILER_GLOBAL_ACCENT_COLOR_NAME = AccentColor;
				CODE_SIGN_STYLE = Automatic;
				CURRENT_PROJECT_VERSION = 1;
				DEVELOPMENT_ASSET_PATHS = "";
				ENABLE_PREVIEWS = YES;
				GENERATE_INFOPLIST_FILE = YES;
				INFOPLIST_KEY_UIApplicationSceneManifest_Generation = YES;
				INFOPLIST_KEY_UIApplicationSupportsIndirectInputEvents = YES;
				INFOPLIST_KEY_UILaunchScreen_Generation = YES;
				INFOPLIST_KEY_UISupportedInterfaceOrientations_iPad = "UIInterfaceOrientationPortrait UIInterfaceOrientationPortraitUpsideDown UIInterfaceOrientationLandscapeLeft UIInterfaceOrientationLandscapeRight";
				INFOPLIST_KEY_UISupportedInterfaceOrientations_iPhone = "UIInterfaceOrientationPortrait UIInterfaceOrientationLandscapeLeft UIInterfaceOrientationLandscapeRight";
				LD_RUNPATH_SEARCH_PATHS = (
					"$(inherited)",
					"@executable_path/Frameworks",
				);
				MARKETING_VERSION = 1.0;
				PRODUCT_BUNDLE_IDENTIFIER = com.mrcrab.naverWebtoonClone;
				PRODUCT_NAME = "$(TARGET_NAME)";
				SWIFT_EMIT_LOC_STRINGS = YES;
				SWIFT_VERSION = 5.0;
				TARGETED_DEVICE_FAMILY = "1,2";
			};
			name = Debug;
		};
		F63B9C1E2B0F6EB800BF0636 /* Release */ = {
			isa = XCBuildConfiguration;
			buildSettings = {
				ASSETCATALOG_COMPILER_APPICON_NAME = AppIcon;
				ASSETCATALOG_COMPILER_GLOBAL_ACCENT_COLOR_NAME = AccentColor;
				CODE_SIGN_STYLE = Automatic;
				CURRENT_PROJECT_VERSION = 1;
				DEVELOPMENT_ASSET_PATHS = "";
				ENABLE_PREVIEWS = YES;
				GENERATE_INFOPLIST_FILE = YES;
				INFOPLIST_KEY_UIApplicationSceneManifest_Generation = YES;
				INFOPLIST_KEY_UIApplicationSupportsIndirectInputEvents = YES;
				INFOPLIST_KEY_UILaunchScreen_Generation = YES;
				INFOPLIST_KEY_UISupportedInterfaceOrientations_iPad = "UIInterfaceOrientationPortrait UIInterfaceOrientationPortraitUpsideDown UIInterfaceOrientationLandscapeLeft UIInterfaceOrientationLandscapeRight";
				INFOPLIST_KEY_UISupportedInterfaceOrientations_iPhone = "UIInterfaceOrientationPortrait UIInterfaceOrientationLandscapeLeft UIInterfaceOrientationLandscapeRight";
				LD_RUNPATH_SEARCH_PATHS = (
					"$(inherited)",
					"@executable_path/Frameworks",
				);
				MARKETING_VERSION = 1.0;
				PRODUCT_BUNDLE_IDENTIFIER = com.mrcrab.naverWebtoonClone;
				PRODUCT_NAME = "$(TARGET_NAME)";
				SWIFT_EMIT_LOC_STRINGS = YES;
				SWIFT_VERSION = 5.0;
				TARGETED_DEVICE_FAMILY = "1,2";
			};
			name = Release;
		};
/* End XCBuildConfiguration section */

/* Begin XCConfigurationList section */
		F63B9C092B0F6EB600BF0636 /* Build configuration list for PBXProject "naverWebtoonClone" */ = {
			isa = XCConfigurationList;
			buildConfigurations = (
				F63B9C1A2B0F6EB800BF0636 /* Debug */,
				F63B9C1B2B0F6EB800BF0636 /* Release */,
			);
			defaultConfigurationIsVisible = 0;
			defaultConfigurationName = Release;
		};
		F63B9C1C2B0F6EB800BF0636 /* Build configuration list for PBXNativeTarget "naverWebtoonClone" */ = {
			isa = XCConfigurationList;
			buildConfigurations = (
				F63B9C1D2B0F6EB800BF0636 /* Debug */,
				F63B9C1E2B0F6EB800BF0636 /* Release */,
			);
			defaultConfigurationIsVisible = 0;
			defaultConfigurationName = Release;
		};
/* End XCConfigurationList section */
	};
	rootObject = F63B9C062B0F6EB600BF0636 /* Project object */;
}
